
Microsoft Visual Studio Solution File, Format Version 12.00
# Visual Studio 14
VisualStudioVersion = 14.0.25123.0
MinimumVisualStudioVersion = 10.0.40219.1
Project("{FAE04EC0-301F-11D3-BF4B-00C04F79EFBC}") = "BlessTheWeb.Tests", "BlessTheWeb.Tests\BlessTheWeb.Tests.csproj", "{25ABA45B-A9E6-4BF0-B3EC-9E02C5C3C67D}"
EndProject
Project("{FAE04EC0-301F-11D3-BF4B-00C04F79EFBC}") = "BlessTheWeb.Trawler", "BlessTheWeb.Trawler\BlessTheWeb.Trawler.csproj", "{883353A3-4EC6-4753-8473-1D4AB11E4F9F}"
EndProject
Project("{FAE04EC0-301F-11D3-BF4B-00C04F79EFBC}") = "BlessTheWeb.Trawler.Tests", "BlessTheWeb.Trawler.Tests\BlessTheWeb.Trawler.Tests.csproj", "{EBA1EAA4-971A-4A0A-97CF-F8F637E1B798}"
EndProject
Project("{FAE04EC0-301F-11D3-BF4B-00C04F79EFBC}") = "BlessTheWeb.TwitterRelay.App", "BlessTheWeb.TwitterRelay.App\BlessTheWeb.TwitterRelay.App.csproj", "{605AD51E-01C5-45C2-BDCF-CCF7BE66E613}"
EndProject
Project("{FAE04EC0-301F-11D3-BF4B-00C04F79EFBC}") = "IndulgenceGenerator.App", "IndulgenceGenerator.App\IndulgenceGenerator.App.csproj", "{F8C21644-01C7-48BD-8748-77646F07794A}"
EndProject
Project("{FAE04EC0-301F-11D3-BF4B-00C04F79EFBC}") = "BlessTheWeb.Tests.Integration", "BlessTheWeb.Tests.Integration\BlessTheWeb.Tests.Integration.csproj", "{B7196E12-E653-4E46-8383-EDCEACEC66E9}"
EndProject
Project("{FAE04EC0-301F-11D3-BF4B-00C04F79EFBC}") = "BlessTheWeb.MVC5", "BlessTheWeb.MVC5\BlessTheWeb.MVC5.csproj", "{1B9BA9DC-4334-4530-9815-6F8A4535E6F1}"
EndProject
Project("{FAE04EC0-301F-11D3-BF4B-00C04F79EFBC}") = "BlessTheWeb.Data.RavenDb", "BlessTheWeb.Data.RavenDb\BlessTheWeb.Data.RavenDb.csproj", "{EB11D9B1-DFF7-4545-B34E-F5DC6B9FA8C2}"
EndProject
Project("{FAE04EC0-301F-11D3-BF4B-00C04F79EFBC}") = "BlessTheWeb.Core", "BlessTheWeb.Core\BlessTheWeb.Core.csproj", "{BA63E9FA-0CEC-447D-92E5-B8796DB37018}"
EndProject
Project("{FAE04EC0-301F-11D3-BF4B-00C04F79EFBC}") = "BlessTheWeb.Data.NHibernate", "BlessTheWeb.Data.NHibernate\BlessTheWeb.Data.NHibernate.csproj", "{949DF85B-DBC5-4678-9853-BEC88D65C0F4}"
EndProject
Project("{FAE04EC0-301F-11D3-BF4B-00C04F79EFBC}") = "BlessTheWeb.Storage.AzureCdn", "BlessTheWeb.Storage.AzureCdn\BlessTheWeb.Storage.AzureCdn.csproj", "{4A825F0E-0A35-4592-8F47-7A13AEA04548}"
EndProject
Project("{FAE04EC0-301F-11D3-BF4B-00C04F79EFBC}") = "BlessTheWeb.Email.SendGrid", "BlessTheWeb.Email.SendGrid\BlessTheWeb.Email.SendGrid.csproj", "{D2E5B188-43C9-48CC-9DAC-B0282BFECED4}"
EndProject
Global
	GlobalSection(SolutionConfigurationPlatforms) = preSolution
		Debug|Any CPU = Debug|Any CPU
		Debug|Mixed Platforms = Debug|Mixed Platforms
		Debug|x86 = Debug|x86
		EC2|Any CPU = EC2|Any CPU
		EC2|Mixed Platforms = EC2|Mixed Platforms
		EC2|x86 = EC2|x86
		Mono|Any CPU = Mono|Any CPU
		Mono|Mixed Platforms = Mono|Mixed Platforms
		Mono|x86 = Mono|x86
		Release|Any CPU = Release|Any CPU
		Release|Mixed Platforms = Release|Mixed Platforms
		Release|x86 = Release|x86
	EndGlobalSection
	GlobalSection(ProjectConfigurationPlatforms) = postSolution
		{25ABA45B-A9E6-4BF0-B3EC-9E02C5C3C67D}.Debug|Any CPU.ActiveCfg = Debug|Any CPU
		{25ABA45B-A9E6-4BF0-B3EC-9E02C5C3C67D}.Debug|Any CPU.Build.0 = Debug|Any CPU
		{25ABA45B-A9E6-4BF0-B3EC-9E02C5C3C67D}.Debug|Mixed Platforms.ActiveCfg = Debug|Any CPU
		{25ABA45B-A9E6-4BF0-B3EC-9E02C5C3C67D}.Debug|Mixed Platforms.Build.0 = Debug|Any CPU
		{25ABA45B-A9E6-4BF0-B3EC-9E02C5C3C67D}.Debug|x86.ActiveCfg = Debug|Any CPU
		{25ABA45B-A9E6-4BF0-B3EC-9E02C5C3C67D}.EC2|Any CPU.ActiveCfg = EC2|Any CPU
		{25ABA45B-A9E6-4BF0-B3EC-9E02C5C3C67D}.EC2|Any CPU.Build.0 = EC2|Any CPU
		{25ABA45B-A9E6-4BF0-B3EC-9E02C5C3C67D}.EC2|Mixed Platforms.ActiveCfg = EC2|Any CPU
		{25ABA45B-A9E6-4BF0-B3EC-9E02C5C3C67D}.EC2|Mixed Platforms.Build.0 = EC2|Any CPU
		{25ABA45B-A9E6-4BF0-B3EC-9E02C5C3C67D}.EC2|x86.ActiveCfg = EC2|Any CPU
		{25ABA45B-A9E6-4BF0-B3EC-9E02C5C3C67D}.Mono|Any CPU.ActiveCfg = Release|Any CPU
		{25ABA45B-A9E6-4BF0-B3EC-9E02C5C3C67D}.Mono|Any CPU.Build.0 = Release|Any CPU
		{25ABA45B-A9E6-4BF0-B3EC-9E02C5C3C67D}.Mono|Mixed Platforms.ActiveCfg = Release|Any CPU
		{25ABA45B-A9E6-4BF0-B3EC-9E02C5C3C67D}.Mono|Mixed Platforms.Build.0 = Release|Any CPU
		{25ABA45B-A9E6-4BF0-B3EC-9E02C5C3C67D}.Mono|x86.ActiveCfg = Release|Any CPU
		{25ABA45B-A9E6-4BF0-B3EC-9E02C5C3C67D}.Release|Any CPU.ActiveCfg = Release|Any CPU
		{25ABA45B-A9E6-4BF0-B3EC-9E02C5C3C67D}.Release|Any CPU.Build.0 = Release|Any CPU
		{25ABA45B-A9E6-4BF0-B3EC-9E02C5C3C67D}.Release|Mixed Platforms.ActiveCfg = Release|Any CPU
		{25ABA45B-A9E6-4BF0-B3EC-9E02C5C3C67D}.Release|Mixed Platforms.Build.0 = Release|Any CPU
		{25ABA45B-A9E6-4BF0-B3EC-9E02C5C3C67D}.Release|x86.ActiveCfg = Release|Any CPU
		{883353A3-4EC6-4753-8473-1D4AB11E4F9F}.Debug|Any CPU.ActiveCfg = Debug|x86
		{883353A3-4EC6-4753-8473-1D4AB11E4F9F}.Debug|Mixed Platforms.ActiveCfg = Debug|x86
		{883353A3-4EC6-4753-8473-1D4AB11E4F9F}.Debug|Mixed Platforms.Build.0 = Debug|x86
		{883353A3-4EC6-4753-8473-1D4AB11E4F9F}.Debug|x86.ActiveCfg = Debug|x86
		{883353A3-4EC6-4753-8473-1D4AB11E4F9F}.Debug|x86.Build.0 = Debug|x86
		{883353A3-4EC6-4753-8473-1D4AB11E4F9F}.EC2|Any CPU.ActiveCfg = EC2|x86
		{883353A3-4EC6-4753-8473-1D4AB11E4F9F}.EC2|Mixed Platforms.ActiveCfg = EC2|x86
		{883353A3-4EC6-4753-8473-1D4AB11E4F9F}.EC2|Mixed Platforms.Build.0 = EC2|x86
		{883353A3-4EC6-4753-8473-1D4AB11E4F9F}.EC2|x86.ActiveCfg = EC2|x86
		{883353A3-4EC6-4753-8473-1D4AB11E4F9F}.EC2|x86.Build.0 = EC2|x86
		{883353A3-4EC6-4753-8473-1D4AB11E4F9F}.Mono|Any CPU.ActiveCfg = Release|x86
		{883353A3-4EC6-4753-8473-1D4AB11E4F9F}.Mono|Mixed Platforms.ActiveCfg = Release|x86
		{883353A3-4EC6-4753-8473-1D4AB11E4F9F}.Mono|Mixed Platforms.Build.0 = Release|x86
		{883353A3-4EC6-4753-8473-1D4AB11E4F9F}.Mono|x86.ActiveCfg = Release|x86
		{883353A3-4EC6-4753-8473-1D4AB11E4F9F}.Mono|x86.Build.0 = Release|x86
		{883353A3-4EC6-4753-8473-1D4AB11E4F9F}.Release|Any CPU.ActiveCfg = Release|x86
		{883353A3-4EC6-4753-8473-1D4AB11E4F9F}.Release|Mixed Platforms.ActiveCfg = Release|x86
		{883353A3-4EC6-4753-8473-1D4AB11E4F9F}.Release|Mixed Platforms.Build.0 = Release|x86
		{883353A3-4EC6-4753-8473-1D4AB11E4F9F}.Release|x86.ActiveCfg = Release|x86
		{883353A3-4EC6-4753-8473-1D4AB11E4F9F}.Release|x86.Build.0 = Release|x86
		{EBA1EAA4-971A-4A0A-97CF-F8F637E1B798}.Debug|Any CPU.ActiveCfg = Debug|Any CPU
		{EBA1EAA4-971A-4A0A-97CF-F8F637E1B798}.Debug|Any CPU.Build.0 = Debug|Any CPU
		{EBA1EAA4-971A-4A0A-97CF-F8F637E1B798}.Debug|Mixed Platforms.ActiveCfg = Debug|Any CPU
		{EBA1EAA4-971A-4A0A-97CF-F8F637E1B798}.Debug|Mixed Platforms.Build.0 = Debug|Any CPU
		{EBA1EAA4-971A-4A0A-97CF-F8F637E1B798}.Debug|x86.ActiveCfg = Debug|Any CPU
		{EBA1EAA4-971A-4A0A-97CF-F8F637E1B798}.EC2|Any CPU.ActiveCfg = EC2|Any CPU
		{EBA1EAA4-971A-4A0A-97CF-F8F637E1B798}.EC2|Mixed Platforms.ActiveCfg = EC2|Any CPU
		{EBA1EAA4-971A-4A0A-97CF-F8F637E1B798}.EC2|Mixed Platforms.Build.0 = EC2|Any CPU
		{EBA1EAA4-971A-4A0A-97CF-F8F637E1B798}.EC2|x86.ActiveCfg = EC2|Any CPU
		{EBA1EAA4-971A-4A0A-97CF-F8F637E1B798}.Mono|Any CPU.ActiveCfg = Release|Any CPU
		{EBA1EAA4-971A-4A0A-97CF-F8F637E1B798}.Mono|Any CPU.Build.0 = Release|Any CPU
		{EBA1EAA4-971A-4A0A-97CF-F8F637E1B798}.Mono|Mixed Platforms.ActiveCfg = Release|Any CPU
		{EBA1EAA4-971A-4A0A-97CF-F8F637E1B798}.Mono|Mixed Platforms.Build.0 = Release|Any CPU
		{EBA1EAA4-971A-4A0A-97CF-F8F637E1B798}.Mono|x86.ActiveCfg = Release|Any CPU
		{EBA1EAA4-971A-4A0A-97CF-F8F637E1B798}.Release|Any CPU.ActiveCfg = Release|Any CPU
		{EBA1EAA4-971A-4A0A-97CF-F8F637E1B798}.Release|Any CPU.Build.0 = Release|Any CPU
		{EBA1EAA4-971A-4A0A-97CF-F8F637E1B798}.Release|Mixed Platforms.ActiveCfg = Release|Any CPU
		{EBA1EAA4-971A-4A0A-97CF-F8F637E1B798}.Release|Mixed Platforms.Build.0 = Release|Any CPU
		{EBA1EAA4-971A-4A0A-97CF-F8F637E1B798}.Release|x86.ActiveCfg = Release|Any CPU
		{605AD51E-01C5-45C2-BDCF-CCF7BE66E613}.Debug|Any CPU.ActiveCfg = Debug|x86
		{605AD51E-01C5-45C2-BDCF-CCF7BE66E613}.Debug|Mixed Platforms.ActiveCfg = Debug|x86
		{605AD51E-01C5-45C2-BDCF-CCF7BE66E613}.Debug|Mixed Platforms.Build.0 = Debug|x86
		{605AD51E-01C5-45C2-BDCF-CCF7BE66E613}.Debug|x86.ActiveCfg = Debug|x86
		{605AD51E-01C5-45C2-BDCF-CCF7BE66E613}.Debug|x86.Build.0 = Debug|x86
		{605AD51E-01C5-45C2-BDCF-CCF7BE66E613}.EC2|Any CPU.ActiveCfg = EC2|x86
		{605AD51E-01C5-45C2-BDCF-CCF7BE66E613}.EC2|Mixed Platforms.ActiveCfg = EC2|x86
		{605AD51E-01C5-45C2-BDCF-CCF7BE66E613}.EC2|Mixed Platforms.Build.0 = EC2|x86
		{605AD51E-01C5-45C2-BDCF-CCF7BE66E613}.EC2|x86.ActiveCfg = EC2|x86
		{605AD51E-01C5-45C2-BDCF-CCF7BE66E613}.EC2|x86.Build.0 = EC2|x86
		{605AD51E-01C5-45C2-BDCF-CCF7BE66E613}.Mono|Any CPU.ActiveCfg = Release|x86
		{605AD51E-01C5-45C2-BDCF-CCF7BE66E613}.Mono|Mixed Platforms.ActiveCfg = Release|x86
		{605AD51E-01C5-45C2-BDCF-CCF7BE66E613}.Mono|Mixed Platforms.Build.0 = Release|x86
		{605AD51E-01C5-45C2-BDCF-CCF7BE66E613}.Mono|x86.ActiveCfg = Release|x86
		{605AD51E-01C5-45C2-BDCF-CCF7BE66E613}.Mono|x86.Build.0 = Release|x86
		{605AD51E-01C5-45C2-BDCF-CCF7BE66E613}.Release|Any CPU.ActiveCfg = Release|x86
		{605AD51E-01C5-45C2-BDCF-CCF7BE66E613}.Release|Mixed Platforms.ActiveCfg = Release|x86
		{605AD51E-01C5-45C2-BDCF-CCF7BE66E613}.Release|Mixed Platforms.Build.0 = Release|x86
		{605AD51E-01C5-45C2-BDCF-CCF7BE66E613}.Release|x86.ActiveCfg = Release|x86
		{605AD51E-01C5-45C2-BDCF-CCF7BE66E613}.Release|x86.Build.0 = Release|x86
		{F8C21644-01C7-48BD-8748-77646F07794A}.Debug|Any CPU.ActiveCfg = Debug|x86
		{F8C21644-01C7-48BD-8748-77646F07794A}.Debug|Mixed Platforms.ActiveCfg = Debug|x86
		{F8C21644-01C7-48BD-8748-77646F07794A}.Debug|Mixed Platforms.Build.0 = Debug|x86
		{F8C21644-01C7-48BD-8748-77646F07794A}.Debug|x86.ActiveCfg = Debug|x86
		{F8C21644-01C7-48BD-8748-77646F07794A}.Debug|x86.Build.0 = Debug|x86
		{F8C21644-01C7-48BD-8748-77646F07794A}.EC2|Any CPU.ActiveCfg = EC2|x86
		{F8C21644-01C7-48BD-8748-77646F07794A}.EC2|Mixed Platforms.ActiveCfg = EC2|x86
		{F8C21644-01C7-48BD-8748-77646F07794A}.EC2|Mixed Platforms.Build.0 = EC2|x86
		{F8C21644-01C7-48BD-8748-77646F07794A}.EC2|x86.ActiveCfg = EC2|x86
		{F8C21644-01C7-48BD-8748-77646F07794A}.EC2|x86.Build.0 = EC2|x86
		{F8C21644-01C7-48BD-8748-77646F07794A}.Mono|Any CPU.ActiveCfg = Release|x86
		{F8C21644-01C7-48BD-8748-77646F07794A}.Mono|Mixed Platforms.ActiveCfg = Release|x86
		{F8C21644-01C7-48BD-8748-77646F07794A}.Mono|Mixed Platforms.Build.0 = Release|x86
		{F8C21644-01C7-48BD-8748-77646F07794A}.Mono|x86.ActiveCfg = Release|x86
		{F8C21644-01C7-48BD-8748-77646F07794A}.Mono|x86.Build.0 = Release|x86
		{F8C21644-01C7-48BD-8748-77646F07794A}.Release|Any CPU.ActiveCfg = Release|x86
		{F8C21644-01C7-48BD-8748-77646F07794A}.Release|Mixed Platforms.ActiveCfg = Release|x86
		{F8C21644-01C7-48BD-8748-77646F07794A}.Release|Mixed Platforms.Build.0 = Release|x86
		{F8C21644-01C7-48BD-8748-77646F07794A}.Release|x86.ActiveCfg = Release|x86
		{F8C21644-01C7-48BD-8748-77646F07794A}.Release|x86.Build.0 = Release|x86
		{B7196E12-E653-4E46-8383-EDCEACEC66E9}.Debug|Any CPU.ActiveCfg = Debug|Any CPU
		{B7196E12-E653-4E46-8383-EDCEACEC66E9}.Debug|Any CPU.Build.0 = Debug|Any CPU
		{B7196E12-E653-4E46-8383-EDCEACEC66E9}.Debug|Mixed Platforms.ActiveCfg = Debug|Any CPU
		{B7196E12-E653-4E46-8383-EDCEACEC66E9}.Debug|Mixed Platforms.Build.0 = Debug|Any CPU
		{B7196E12-E653-4E46-8383-EDCEACEC66E9}.Debug|x86.ActiveCfg = Debug|Any CPU
		{B7196E12-E653-4E46-8383-EDCEACEC66E9}.EC2|Any CPU.ActiveCfg = EC2|Any CPU
		{B7196E12-E653-4E46-8383-EDCEACEC66E9}.EC2|Any CPU.Build.0 = EC2|Any CPU
		{B7196E12-E653-4E46-8383-EDCEACEC66E9}.EC2|Mixed Platforms.ActiveCfg = EC2|Any CPU
		{B7196E12-E653-4E46-8383-EDCEACEC66E9}.EC2|Mixed Platforms.Build.0 = EC2|Any CPU
		{B7196E12-E653-4E46-8383-EDCEACEC66E9}.EC2|x86.ActiveCfg = EC2|Any CPU
		{B7196E12-E653-4E46-8383-EDCEACEC66E9}.Mono|Any CPU.ActiveCfg = Release|Any CPU
		{B7196E12-E653-4E46-8383-EDCEACEC66E9}.Mono|Any CPU.Build.0 = Release|Any CPU
		{B7196E12-E653-4E46-8383-EDCEACEC66E9}.Mono|Mixed Platforms.ActiveCfg = Release|Any CPU
		{B7196E12-E653-4E46-8383-EDCEACEC66E9}.Mono|Mixed Platforms.Build.0 = Release|Any CPU
		{B7196E12-E653-4E46-8383-EDCEACEC66E9}.Mono|x86.ActiveCfg = Release|Any CPU
		{B7196E12-E653-4E46-8383-EDCEACEC66E9}.Release|Any CPU.ActiveCfg = Release|Any CPU
		{B7196E12-E653-4E46-8383-EDCEACEC66E9}.Release|Any CPU.Build.0 = Release|Any CPU
		{B7196E12-E653-4E46-8383-EDCEACEC66E9}.Release|Mixed Platforms.ActiveCfg = Release|Any CPU
		{B7196E12-E653-4E46-8383-EDCEACEC66E9}.Release|Mixed Platforms.Build.0 = Release|Any CPU
		{B7196E12-E653-4E46-8383-EDCEACEC66E9}.Release|x86.ActiveCfg = Release|Any CPU
		{1B9BA9DC-4334-4530-9815-6F8A4535E6F1}.Debug|Any CPU.ActiveCfg = Debug|Any CPU
		{1B9BA9DC-4334-4530-9815-6F8A4535E6F1}.Debug|Any CPU.Build.0 = Debug|Any CPU
		{1B9BA9DC-4334-4530-9815-6F8A4535E6F1}.Debug|Mixed Platforms.ActiveCfg = Debug|Any CPU
		{1B9BA9DC-4334-4530-9815-6F8A4535E6F1}.Debug|Mixed Platforms.Build.0 = Debug|Any CPU
		{1B9BA9DC-4334-4530-9815-6F8A4535E6F1}.Debug|x86.ActiveCfg = Debug|Any CPU
		{1B9BA9DC-4334-4530-9815-6F8A4535E6F1}.Debug|x86.Build.0 = Debug|Any CPU
		{1B9BA9DC-4334-4530-9815-6F8A4535E6F1}.EC2|Any CPU.ActiveCfg = Release|Any CPU
		{1B9BA9DC-4334-4530-9815-6F8A4535E6F1}.EC2|Any CPU.Build.0 = Release|Any CPU
		{1B9BA9DC-4334-4530-9815-6F8A4535E6F1}.EC2|Mixed Platforms.ActiveCfg = Release|Any CPU
		{1B9BA9DC-4334-4530-9815-6F8A4535E6F1}.EC2|Mixed Platforms.Build.0 = Release|Any CPU
		{1B9BA9DC-4334-4530-9815-6F8A4535E6F1}.EC2|x86.ActiveCfg = Release|Any CPU
		{1B9BA9DC-4334-4530-9815-6F8A4535E6F1}.EC2|x86.Build.0 = Release|Any CPU
		{1B9BA9DC-4334-4530-9815-6F8A4535E6F1}.Mono|Any CPU.ActiveCfg = Release|Any CPU
		{1B9BA9DC-4334-4530-9815-6F8A4535E6F1}.Mono|Any CPU.Build.0 = Release|Any CPU
		{1B9BA9DC-4334-4530-9815-6F8A4535E6F1}.Mono|Mixed Platforms.ActiveCfg = Release|Any CPU
		{1B9BA9DC-4334-4530-9815-6F8A4535E6F1}.Mono|Mixed Platforms.Build.0 = Release|Any CPU
		{1B9BA9DC-4334-4530-9815-6F8A4535E6F1}.Mono|x86.ActiveCfg = Release|Any CPU
		{1B9BA9DC-4334-4530-9815-6F8A4535E6F1}.Mono|x86.Build.0 = Release|Any CPU
		{1B9BA9DC-4334-4530-9815-6F8A4535E6F1}.Release|Any CPU.ActiveCfg = Release|Any CPU
		{1B9BA9DC-4334-4530-9815-6F8A4535E6F1}.Release|Any CPU.Build.0 = Release|Any CPU
		{1B9BA9DC-4334-4530-9815-6F8A4535E6F1}.Release|Mixed Platforms.ActiveCfg = Release|Any CPU
		{1B9BA9DC-4334-4530-9815-6F8A4535E6F1}.Release|Mixed Platforms.Build.0 = Release|Any CPU
		{1B9BA9DC-4334-4530-9815-6F8A4535E6F1}.Release|x86.ActiveCfg = Release|Any CPU
		{1B9BA9DC-4334-4530-9815-6F8A4535E6F1}.Release|x86.Build.0 = Release|Any CPU
		{EB11D9B1-DFF7-4545-B34E-F5DC6B9FA8C2}.Debug|Any CPU.ActiveCfg = Debug|Any CPU
		{EB11D9B1-DFF7-4545-B34E-F5DC6B9FA8C2}.Debug|Any CPU.Build.0 = Debug|Any CPU
		{EB11D9B1-DFF7-4545-B34E-F5DC6B9FA8C2}.Debug|Mixed Platforms.ActiveCfg = Debug|Any CPU
		{EB11D9B1-DFF7-4545-B34E-F5DC6B9FA8C2}.Debug|Mixed Platforms.Build.0 = Debug|Any CPU
		{EB11D9B1-DFF7-4545-B34E-F5DC6B9FA8C2}.Debug|x86.ActiveCfg = Debug|Any CPU
		{EB11D9B1-DFF7-4545-B34E-F5DC6B9FA8C2}.Debug|x86.Build.0 = Debug|Any CPU
		{EB11D9B1-DFF7-4545-B34E-F5DC6B9FA8C2}.EC2|Any CPU.ActiveCfg = Release|Any CPU
		{EB11D9B1-DFF7-4545-B34E-F5DC6B9FA8C2}.EC2|Any CPU.Build.0 = Release|Any CPU
		{EB11D9B1-DFF7-4545-B34E-F5DC6B9FA8C2}.EC2|Mixed Platforms.ActiveCfg = Release|Any CPU
		{EB11D9B1-DFF7-4545-B34E-F5DC6B9FA8C2}.EC2|Mixed Platforms.Build.0 = Release|Any CPU
		{EB11D9B1-DFF7-4545-B34E-F5DC6B9FA8C2}.EC2|x86.ActiveCfg = Release|Any CPU
		{EB11D9B1-DFF7-4545-B34E-F5DC6B9FA8C2}.EC2|x86.Build.0 = Release|Any CPU
		{EB11D9B1-DFF7-4545-B34E-F5DC6B9FA8C2}.Mono|Any CPU.ActiveCfg = Release|Any CPU
		{EB11D9B1-DFF7-4545-B34E-F5DC6B9FA8C2}.Mono|Any CPU.Build.0 = Release|Any CPU
		{EB11D9B1-DFF7-4545-B34E-F5DC6B9FA8C2}.Mono|Mixed Platforms.ActiveCfg = Release|Any CPU
		{EB11D9B1-DFF7-4545-B34E-F5DC6B9FA8C2}.Mono|Mixed Platforms.Build.0 = Release|Any CPU
		{EB11D9B1-DFF7-4545-B34E-F5DC6B9FA8C2}.Mono|x86.ActiveCfg = Release|Any CPU
		{EB11D9B1-DFF7-4545-B34E-F5DC6B9FA8C2}.Mono|x86.Build.0 = Release|Any CPU
		{EB11D9B1-DFF7-4545-B34E-F5DC6B9FA8C2}.Release|Any CPU.ActiveCfg = Release|Any CPU
		{EB11D9B1-DFF7-4545-B34E-F5DC6B9FA8C2}.Release|Any CPU.Build.0 = Release|Any CPU
		{EB11D9B1-DFF7-4545-B34E-F5DC6B9FA8C2}.Release|Mixed Platforms.ActiveCfg = Release|Any CPU
		{EB11D9B1-DFF7-4545-B34E-F5DC6B9FA8C2}.Release|Mixed Platforms.Build.0 = Release|Any CPU
		{EB11D9B1-DFF7-4545-B34E-F5DC6B9FA8C2}.Release|x86.ActiveCfg = Release|Any CPU
		{EB11D9B1-DFF7-4545-B34E-F5DC6B9FA8C2}.Release|x86.Build.0 = Release|Any CPU
		{BA63E9FA-0CEC-447D-92E5-B8796DB37018}.Debug|Any CPU.ActiveCfg = Debug|Any CPU
		{BA63E9FA-0CEC-447D-92E5-B8796DB37018}.Debug|Any CPU.Build.0 = Debug|Any CPU
		{BA63E9FA-0CEC-447D-92E5-B8796DB37018}.Debug|Mixed Platforms.ActiveCfg = Debug|Any CPU
		{BA63E9FA-0CEC-447D-92E5-B8796DB37018}.Debug|Mixed Platforms.Build.0 = Debug|Any CPU
		{BA63E9FA-0CEC-447D-92E5-B8796DB37018}.Debug|x86.ActiveCfg = Debug|Any CPU
		{BA63E9FA-0CEC-447D-92E5-B8796DB37018}.Debug|x86.Build.0 = Debug|Any CPU
		{BA63E9FA-0CEC-447D-92E5-B8796DB37018}.EC2|Any CPU.ActiveCfg = Release|Any CPU
		{BA63E9FA-0CEC-447D-92E5-B8796DB37018}.EC2|Any CPU.Build.0 = Release|Any CPU
		{BA63E9FA-0CEC-447D-92E5-B8796DB37018}.EC2|Mixed Platforms.ActiveCfg = Release|Any CPU
		{BA63E9FA-0CEC-447D-92E5-B8796DB37018}.EC2|Mixed Platforms.Build.0 = Release|Any CPU
		{BA63E9FA-0CEC-447D-92E5-B8796DB37018}.EC2|x86.ActiveCfg = Release|Any CPU
		{BA63E9FA-0CEC-447D-92E5-B8796DB37018}.EC2|x86.Build.0 = Release|Any CPU
		{BA63E9FA-0CEC-447D-92E5-B8796DB37018}.Mono|Any CPU.ActiveCfg = Release|Any CPU
		{BA63E9FA-0CEC-447D-92E5-B8796DB37018}.Mono|Any CPU.Build.0 = Release|Any CPU
		{BA63E9FA-0CEC-447D-92E5-B8796DB37018}.Mono|Mixed Platforms.ActiveCfg = Release|Any CPU
		{BA63E9FA-0CEC-447D-92E5-B8796DB37018}.Mono|Mixed Platforms.Build.0 = Release|Any CPU
		{BA63E9FA-0CEC-447D-92E5-B8796DB37018}.Mono|x86.ActiveCfg = Release|Any CPU
		{BA63E9FA-0CEC-447D-92E5-B8796DB37018}.Mono|x86.Build.0 = Release|Any CPU
		{BA63E9FA-0CEC-447D-92E5-B8796DB37018}.Release|Any CPU.ActiveCfg = Release|Any CPU
		{BA63E9FA-0CEC-447D-92E5-B8796DB37018}.Release|Any CPU.Build.0 = Release|Any CPU
		{BA63E9FA-0CEC-447D-92E5-B8796DB37018}.Release|Mixed Platforms.ActiveCfg = Release|Any CPU
		{BA63E9FA-0CEC-447D-92E5-B8796DB37018}.Release|Mixed Platforms.Build.0 = Release|Any CPU
		{BA63E9FA-0CEC-447D-92E5-B8796DB37018}.Release|x86.ActiveCfg = Release|Any CPU
		{BA63E9FA-0CEC-447D-92E5-B8796DB37018}.Release|x86.Build.0 = Release|Any CPU
		{949DF85B-DBC5-4678-9853-BEC88D65C0F4}.Debug|Any CPU.ActiveCfg = Debug|Any CPU
		{949DF85B-DBC5-4678-9853-BEC88D65C0F4}.Debug|Any CPU.Build.0 = Debug|Any CPU
		{949DF85B-DBC5-4678-9853-BEC88D65C0F4}.Debug|Mixed Platforms.ActiveCfg = Debug|Any CPU
		{949DF85B-DBC5-4678-9853-BEC88D65C0F4}.Debug|Mixed Platforms.Build.0 = Debug|Any CPU
		{949DF85B-DBC5-4678-9853-BEC88D65C0F4}.Debug|x86.ActiveCfg = Debug|Any CPU
		{949DF85B-DBC5-4678-9853-BEC88D65C0F4}.Debug|x86.Build.0 = Debug|Any CPU
		{949DF85B-DBC5-4678-9853-BEC88D65C0F4}.EC2|Any CPU.ActiveCfg = Release|Any CPU
		{949DF85B-DBC5-4678-9853-BEC88D65C0F4}.EC2|Any CPU.Build.0 = Release|Any CPU
		{949DF85B-DBC5-4678-9853-BEC88D65C0F4}.EC2|Mixed Platforms.ActiveCfg = Release|Any CPU
		{949DF85B-DBC5-4678-9853-BEC88D65C0F4}.EC2|Mixed Platforms.Build.0 = Release|Any CPU
		{949DF85B-DBC5-4678-9853-BEC88D65C0F4}.EC2|x86.ActiveCfg = Release|Any CPU
		{949DF85B-DBC5-4678-9853-BEC88D65C0F4}.EC2|x86.Build.0 = Release|Any CPU
		{949DF85B-DBC5-4678-9853-BEC88D65C0F4}.Mono|Any CPU.ActiveCfg = Release|Any CPU
		{949DF85B-DBC5-4678-9853-BEC88D65C0F4}.Mono|Any CPU.Build.0 = Release|Any CPU
		{949DF85B-DBC5-4678-9853-BEC88D65C0F4}.Mono|Mixed Platforms.ActiveCfg = Release|Any CPU
		{949DF85B-DBC5-4678-9853-BEC88D65C0F4}.Mono|Mixed Platforms.Build.0 = Release|Any CPU
		{949DF85B-DBC5-4678-9853-BEC88D65C0F4}.Mono|x86.ActiveCfg = Release|Any CPU
		{949DF85B-DBC5-4678-9853-BEC88D65C0F4}.Mono|x86.Build.0 = Release|Any CPU
		{949DF85B-DBC5-4678-9853-BEC88D65C0F4}.Release|Any CPU.ActiveCfg = Release|Any CPU
		{949DF85B-DBC5-4678-9853-BEC88D65C0F4}.Release|Any CPU.Build.0 = Release|Any CPU
		{949DF85B-DBC5-4678-9853-BEC88D65C0F4}.Release|Mixed Platforms.ActiveCfg = Release|Any CPU
		{949DF85B-DBC5-4678-9853-BEC88D65C0F4}.Release|Mixed Platforms.Build.0 = Release|Any CPU
		{949DF85B-DBC5-4678-9853-BEC88D65C0F4}.Release|x86.ActiveCfg = Release|Any CPU
		{949DF85B-DBC5-4678-9853-BEC88D65C0F4}.Release|x86.Build.0 = Release|Any CPU
		{4A825F0E-0A35-4592-8F47-7A13AEA04548}.Debug|Any CPU.ActiveCfg = Debug|Any CPU
		{4A825F0E-0A35-4592-8F47-7A13AEA04548}.Debug|Any CPU.Build.0 = Debug|Any CPU
		{4A825F0E-0A35-4592-8F47-7A13AEA04548}.Debug|Mixed Platforms.ActiveCfg = Debug|Any CPU
		{4A825F0E-0A35-4592-8F47-7A13AEA04548}.Debug|Mixed Platforms.Build.0 = Debug|Any CPU
		{4A825F0E-0A35-4592-8F47-7A13AEA04548}.Debug|x86.ActiveCfg = Debug|Any CPU
		{4A825F0E-0A35-4592-8F47-7A13AEA04548}.Debug|x86.Build.0 = Debug|Any CPU
		{4A825F0E-0A35-4592-8F47-7A13AEA04548}.EC2|Any CPU.ActiveCfg = Release|Any CPU
		{4A825F0E-0A35-4592-8F47-7A13AEA04548}.EC2|Any CPU.Build.0 = Release|Any CPU
		{4A825F0E-0A35-4592-8F47-7A13AEA04548}.EC2|Mixed Platforms.ActiveCfg = Release|Any CPU
		{4A825F0E-0A35-4592-8F47-7A13AEA04548}.EC2|Mixed Platforms.Build.0 = Release|Any CPU
		{4A825F0E-0A35-4592-8F47-7A13AEA04548}.EC2|x86.ActiveCfg = Release|Any CPU
		{4A825F0E-0A35-4592-8F47-7A13AEA04548}.EC2|x86.Build.0 = Release|Any CPU
		{4A825F0E-0A35-4592-8F47-7A13AEA04548}.Mono|Any CPU.ActiveCfg = Release|Any CPU
		{4A825F0E-0A35-4592-8F47-7A13AEA04548}.Mono|Any CPU.Build.0 = Release|Any CPU
		{4A825F0E-0A35-4592-8F47-7A13AEA04548}.Mono|Mixed Platforms.ActiveCfg = Release|Any CPU
		{4A825F0E-0A35-4592-8F47-7A13AEA04548}.Mono|Mixed Platforms.Build.0 = Release|Any CPU
		{4A825F0E-0A35-4592-8F47-7A13AEA04548}.Mono|x86.ActiveCfg = Release|Any CPU
		{4A825F0E-0A35-4592-8F47-7A13AEA04548}.Mono|x86.Build.0 = Release|Any CPU
		{4A825F0E-0A35-4592-8F47-7A13AEA04548}.Release|Any CPU.ActiveCfg = Release|Any CPU
		{4A825F0E-0A35-4592-8F47-7A13AEA04548}.Release|Any CPU.Build.0 = Release|Any CPU
		{4A825F0E-0A35-4592-8F47-7A13AEA04548}.Release|Mixed Platforms.ActiveCfg = Release|Any CPU
		{4A825F0E-0A35-4592-8F47-7A13AEA04548}.Release|Mixed Platforms.Build.0 = Release|Any CPU
		{4A825F0E-0A35-4592-8F47-7A13AEA04548}.Release|x86.ActiveCfg = Release|Any CPU
		{4A825F0E-0A35-4592-8F47-7A13AEA04548}.Release|x86.Build.0 = Release|Any CPU
		{D2E5B188-43C9-48CC-9DAC-B0282BFECED4}.Debug|Any CPU.ActiveCfg = Debug|Any CPU
		{D2E5B188-43C9-48CC-9DAC-B0282BFECED4}.Debug|Any CPU.Build.0 = Debug|Any CPU
		{D2E5B188-43C9-48CC-9DAC-B0282BFECED4}.Debug|Mixed Platforms.ActiveCfg = Debug|Any CPU
		{D2E5B188-43C9-48CC-9DAC-B0282BFECED4}.Debug|Mixed Platforms.Build.0 = Debug|Any CPU
		{D2E5B188-43C9-48CC-9DAC-B0282BFECED4}.Debug|x86.ActiveCfg = Debug|Any CPU
		{D2E5B188-43C9-48CC-9DAC-B0282BFECED4}.Debug|x86.Build.0 = Debug|Any CPU
		{D2E5B188-43C9-48CC-9DAC-B0282BFECED4}.EC2|Any CPU.ActiveCfg = Release|Any CPU
		{D2E5B188-43C9-48CC-9DAC-B0282BFECED4}.EC2|Any CPU.Build.0 = Release|Any CPU
		{D2E5B188-43C9-48CC-9DAC-B0282BFECED4}.EC2|Mixed Platforms.ActiveCfg = Release|Any CPU
		{D2E5B188-43C9-48CC-9DAC-B0282BFECED4}.EC2|Mixed Platforms.Build.0 = Release|Any CPU
		{D2E5B188-43C9-48CC-9DAC-B0282BFECED4}.EC2|x86.ActiveCfg = Release|Any CPU
		{D2E5B188-43C9-48CC-9DAC-B0282BFECED4}.EC2|x86.Build.0 = Release|Any CPU
		{D2E5B188-43C9-48CC-9DAC-B0282BFECED4}.Mono|Any CPU.ActiveCfg = Release|Any CPU
		{D2E5B188-43C9-48CC-9DAC-B0282BFECED4}.Mono|Any CPU.Build.0 = Release|Any CPU
		{D2E5B188-43C9-48CC-9DAC-B0282BFECED4}.Mono|Mixed Platforms.ActiveCfg = Release|Any CPU
		{D2E5B188-43C9-48CC-9DAC-B0282BFECED4}.Mono|Mixed Platforms.Build.0 = Release|Any CPU
		{D2E5B188-43C9-48CC-9DAC-B0282BFECED4}.Mono|x86.ActiveCfg = Release|Any CPU
		{D2E5B188-43C9-48CC-9DAC-B0282BFECED4}.Mono|x86.Build.0 = Release|Any CPU
		{D2E5B188-43C9-48CC-9DAC-B0282BFECED4}.Release|Any CPU.ActiveCfg = Release|Any CPU
		{D2E5B188-43C9-48CC-9DAC-B0282BFECED4}.Release|Any CPU.Build.0 = Release|Any CPU
		{D2E5B188-43C9-48CC-9DAC-B0282BFECED4}.Release|Mixed Platforms.ActiveCfg = Release|Any CPU
		{D2E5B188-43C9-48CC-9DAC-B0282BFECED4}.Release|Mixed Platforms.Build.0 = Release|Any CPU
		{D2E5B188-43C9-48CC-9DAC-B0282BFECED4}.Release|x86.ActiveCfg = Release|Any CPU
		{D2E5B188-43C9-48CC-9DAC-B0282BFECED4}.Release|x86.Build.0 = Release|Any CPU
	EndGlobalSection
	GlobalSection(SolutionProperties) = preSolution
		HideSolutionNode = FALSE
	EndGlobalSection
EndGlobal
